
Microsoft Visual Studio Solution File, Format Version 12.00
# Visual Studio Version 16
VisualStudioVersion = 16.0.31205.134
MinimumVisualStudioVersion = 10.0.40219.1
Project("{FAE04EC0-301F-11D3-BF4B-00C04F79EFBC}") = "Proje4", "Proje4\Proje4.csproj", "{0837741F-3B2A-474F-8CF2-C36F9AE47BE8}"
EndProject
Global
	GlobalSection(SolutionConfigurationPlatforms) = preSolution
		Debug|Any CPU = Debug|Any CPU
		Release|Any CPU = Release|Any CPU
	EndGlobalSection
	GlobalSection(ProjectConfigurationPlatforms) = postSolution
		{0837741F-3B2A-474F-8CF2-C36F9AE47BE8}.Debug|Any CPU.ActiveCfg = Debug|Any CPU
		{0837741F-3B2A-474F-8CF2-C36F9AE47BE8}.Debug|Any CPU.Build.0 = Debug|Any CPU
		{0837741F-3B2A-474F-8CF2-C36F9AE47BE8}.Release|Any CPU.ActiveCfg = Release|Any CPU
		{0837741F-3B2A-474F-8CF2-C36F9AE47BE8}.Release|Any CPU.Build.0 = Release|Any CPU
	EndGlobalSection
	GlobalSection(SolutionProperties) = preSolution
		HideSolutionNode = FALSE
	EndGlobalSection
	GlobalSection(ExtensibilityGlobals) = postSolution
		SolutionGuid = {CDD006E3-D9B1-4488-B555-833D0122A02F}
	EndGlobalSection
EndGlobal
